<?xml version="1.0" encoding="UTF-8" standalone="yes" ?>
<CodeBlocks_project_file>
	<FileVersion major="1" minor="6" />
	<Project>
		<Option title="EP1_E2_Coches" />
		<Option pch_mode="2" />
		<Option compiler="gcc" />
		<Build>
			<Target title="Debug">
				<Option output="bin/Debug/EP1_E2_Coches" prefix_auto="1" extension_auto="1" />
				<Option object_output="obj/Debug/" />
				<Option type="1" />
				<Option compiler="gcc" />
				<Compiler>
					<Add option="-g" />
					<Add directory="include" />
				</Compiler>
			</Target>
			<Target title="Release">
				<Option output="bin/Release/EP1_E2_Coches" prefix_auto="1" extension_auto="1" />
				<Option object_output="obj/Release/" />
				<Option type="1" />
				<Option compiler="gcc" />
				<Compiler>
					<Add option="-O2" />
					<Add directory="include" />
				</Compiler>
				<Linker>
					<Add option="-s" />
				</Linker>
			</Target>
		</Build>
		<Compiler>
			<Add option="-std=c++11" />
			<Add option="-Wall" />
		</Compiler>
		<Unit filename="include/Auto.h" />
		<Unit filename="include/Cliente.h" />
		<Unit filename="include/OrdenamientoGenerico.h" />
		<Unit filename="include/camioneta.h" />
		<Unit filename="include/coche.h" />
		<Unit filename="include/concesionaria.h" />
		<Unit filename="include/motocicleta.h" />
		<Unit filename="main.cpp" />
		<Unit filename="src/Auto.cpp" />
		<Unit filename="src/Cliente.cpp" />
		<Unit filename="src/OrdenamientoGenerico.cpp" />
		<Unit filename="src/camioneta.cpp" />
		<Unit filename="src/coche.cpp" />
		<Unit filename="src/concesionaria.cpp" />
		<Unit filename="src/motocicleta.cpp" />
		<Extensions>
			<code_completion />
			<debugger />
		</Extensions>
	</Project>
</CodeBlocks_project_file>
